PODS:
  - AFNetworking (2.5.3):
    - AFNetworking/NSURLConnection (= 2.5.3)
    - AFNetworking/NSURLSession (= 2.5.3)
    - AFNetworking/Reachability (= 2.5.3)
    - AFNetworking/Security (= 2.5.3)
    - AFNetworking/Serialization (= 2.5.3)
    - AFNetworking/UIKit (= 2.5.3)
  - AFNetworking/NSURLConnection (2.5.3):
    - AFNetworking/Reachability
    - AFNetworking/Security
    - AFNetworking/Serialization
  - AFNetworking/NSURLSession (2.5.3):
    - AFNetworking/Reachability
    - AFNetworking/Security
    - AFNetworking/Serialization
  - AFNetworking/Reachability (2.5.3)
  - AFNetworking/Security (2.5.3)
  - AFNetworking/Serialization (2.5.3)
  - AFNetworking/UIKit (2.5.3):
    - AFNetworking/NSURLConnection
    - AFNetworking/NSURLSession
  - AwesomeMenu (1.0.0)
  - AXRatingView (1.0.3)
  - CHTCollectionViewWaterfallLayout (0.8)
  - CNPGridMenu (0.2.1)
  - CSGrowingTextView (1.0.4)
  - DIDatepicker (0.1)
  - FlatUIKit (1.6.1)
  - FXBlurView (1.6.3)
  - GRKBarGraphView (1.1.2)
  - IQDropDownTextField (1.0.5)
  - JSONModel (1.0.2)
  - JVFloatingDrawer (0.1.0)
  - JVFloatLabeledTextField (1.0.2)
  - MMProgressHUD (0.3.1)
  - MZAppearance (1.1.3)
  - MZFormSheetController (3.0.2):
    - MZAppearance (~> 1.1.3)
    - MZFormSheetController/Core (= 3.0.2)
  - MZFormSheetController/Core (3.0.2):
    - MZAppearance (~> 1.1.3)
  - PNChart (0.8.3):
    - UICountingLabel (~> 1.2.0)
  - pop (1.0.7)
  - REMenu (1.10)
  - RNFrostedSidebar (0.2.0)
  - RNGridMenu (0.1.3)
  - SDWebImage (3.7.1):
    - SDWebImage/Core (= 3.7.1)
  - SDWebImage/Core (3.7.1)
  - SVProgressHUD (1.1.3)
  - SVPullToRefresh (0.4.1)
  - SWTableViewCell (0.3.7)
  - TOMSMorphingLabel (0.5.1)
  - UICountingLabel (1.2.0)
  - UIFloatLabelTextView (1.0.8)
  - VBFPopFlatButton (0.0.6):
    - pop

DEPENDENCIES:
  - AFNetworking (~> 2.0)
  - AwesomeMenu
  - AXRatingView
  - CHTCollectionViewWaterfallLayout
  - CNPGridMenu
  - CSGrowingTextView
  - DIDatePicker
  - FlatUIKit
  - FXBlurView
  - GRKBarGraphView
  - IQDropDownTextField
  - JSONModel
  - JVFloatingDrawer
  - JVFloatLabeledTextField
  - MMProgressHUD
  - MZFormSheetController
  - PNChart
  - REMenu
  - RNFrostedSidebar
  - RNGridMenu
  - SDWebImage (= 3.7.1)
  - SVProgressHUD
  - SVPullToRefresh
  - SWTableViewCell
  - TOMSMorphingLabel
  - UIFloatLabelTextView
  - VBFPopFlatButton

SPEC CHECKSUMS:
  AFNetworking: e1d86c2a96bb5d2e7408da36149806706ee122fe
  AwesomeMenu: 34bad7f873e4b3cfaa6651fabbb96607d0e8f2b3
  AXRatingView: ccaadc1bbda99a4b7e1d556059482d2b933a9f4e
  CHTCollectionViewWaterfallLayout: 058823cc65c9d84e059b0a85eede517550da0334
  CNPGridMenu: 37c8b18c1329499a744063b4aacf85c77b193cf6
  CSGrowingTextView: 9af429caee7710e73efe4d1a5ba3cd975abd38bd
  DIDatepicker: c990ce1cdc8a6169cf7eb6369cd97604864eed27
  FlatUIKit: c602127a0c4a347e0632b2c5aef5c8c5f386f2cf
  FXBlurView: c6d23f3d35af2c6282296a2930f61c6e2c788d01
  GRKBarGraphView: 7ead7c4cebcc34e3e1e249845d101cc4c4adb468
  IQDropDownTextField: 055600e77e85cccdda17debbe14203057858ea8a
  JSONModel: 6ffcb4ffa3659c9e9a2e5d45d6c7705bab187c03
  JVFloatingDrawer: 4782b1df21411aef2c1818f3b346cace02cc2e24
  JVFloatLabeledTextField: 58a3a32cfb800e5b224f676987e7c13abf50a14d
  MMProgressHUD: dac2655d62d28e7d6dc28bf72d9531a4d4c62459
  MZAppearance: c2937318234fd782e900fb178942278881ac5490
  MZFormSheetController: 0cfda6f341a7c6d9054d596efad735a9fc0e7a1b
  PNChart: 8d81e061ec4845915184755d8da84f385ca1cb28
  pop: 628ffc631644601567ee8bfaaaea493ebd7d0923
  REMenu: 30dad195930adf6c5eeb8041e3257aa60bf9fa49
  RNFrostedSidebar: 9491d8627e5e99b92334d36def432c0faf7ebae4
  RNGridMenu: c58db81f87b5473936bb1b675dc3e947c409b51d
  SDWebImage: ed3095af2ff88b436426037444979b917f6c5575
  SVProgressHUD: 748080e4f36e603f6c02aec292664239df5279c1
  SVPullToRefresh: ba2e718695a43253d8bea6852d2960097dc15d8c
  SWTableViewCell: 2a94aadc9d47b2b611fa064566bf57948b95b579
  TOMSMorphingLabel: 3e88a2bf5257f8993ebc51fb3109187a0bfb2c4d
  UICountingLabel: 1db4e7d023e1762171eb226d6dff47a7a84f27aa
  UIFloatLabelTextView: f6e623a5c00284a30e3038374cb2499b7aca454c
  VBFPopFlatButton: 782344da63f104c279a857d806e065117a7e1196

COCOAPODS: 0.36.3
